
Microsoft Visual Studio Solution File, Format Version 12.00
Project("{FAE04EC0-301F-11D3-BF4B-00C04F79EFBC}") = "WebAppA", "WebAppA\WebAppA.csproj", "{CD269917-3EC9-4FDC-95D1-E300C1702E63}"
EndProject
Project("{FAE04EC0-301F-11D3-BF4B-00C04F79EFBC}") = "WebAppB", "WebAppB\WebAppB.csproj", "{430A6948-716C-4211-9DB3-479CD6188751}"
EndProject
Project("{FAE04EC0-301F-11D3-BF4B-00C04F79EFBC}") = "WorkerApp", "WorkerApp\WorkerApp.csproj", "{5DDECAE3-39EB-45DA-B60C-1D5F7A830263}"
EndProject
Project("{FAE04EC0-301F-11D3-BF4B-00C04F79EFBC}") = "CorrelationId.Core", "CorrelationId.Core\CorrelationId.Core.csproj", "{6699B472-2795-49F6-A145-708E16964EB5}"
EndProject
Global
	GlobalSection(SolutionConfigurationPlatforms) = preSolution
		Debug|Any CPU = Debug|Any CPU
		Release|Any CPU = Release|Any CPU
	EndGlobalSection
	GlobalSection(ProjectConfigurationPlatforms) = postSolution
		{CD269917-3EC9-4FDC-95D1-E300C1702E63}.Debug|Any CPU.ActiveCfg = Debug|Any CPU
		{CD269917-3EC9-4FDC-95D1-E300C1702E63}.Debug|Any CPU.Build.0 = Debug|Any CPU
		{CD269917-3EC9-4FDC-95D1-E300C1702E63}.Release|Any CPU.ActiveCfg = Release|Any CPU
		{CD269917-3EC9-4FDC-95D1-E300C1702E63}.Release|Any CPU.Build.0 = Release|Any CPU
		{430A6948-716C-4211-9DB3-479CD6188751}.Debug|Any CPU.ActiveCfg = Debug|Any CPU
		{430A6948-716C-4211-9DB3-479CD6188751}.Debug|Any CPU.Build.0 = Debug|Any CPU
		{430A6948-716C-4211-9DB3-479CD6188751}.Release|Any CPU.ActiveCfg = Release|Any CPU
		{430A6948-716C-4211-9DB3-479CD6188751}.Release|Any CPU.Build.0 = Release|Any CPU
		{5DDECAE3-39EB-45DA-B60C-1D5F7A830263}.Debug|Any CPU.ActiveCfg = Debug|Any CPU
		{5DDECAE3-39EB-45DA-B60C-1D5F7A830263}.Debug|Any CPU.Build.0 = Debug|Any CPU
		{5DDECAE3-39EB-45DA-B60C-1D5F7A830263}.Release|Any CPU.ActiveCfg = Release|Any CPU
		{5DDECAE3-39EB-45DA-B60C-1D5F7A830263}.Release|Any CPU.Build.0 = Release|Any CPU
		{6699B472-2795-49F6-A145-708E16964EB5}.Debug|Any CPU.ActiveCfg = Debug|Any CPU
		{6699B472-2795-49F6-A145-708E16964EB5}.Debug|Any CPU.Build.0 = Debug|Any CPU
		{6699B472-2795-49F6-A145-708E16964EB5}.Release|Any CPU.ActiveCfg = Release|Any CPU
		{6699B472-2795-49F6-A145-708E16964EB5}.Release|Any CPU.Build.0 = Release|Any CPU
	EndGlobalSection
EndGlobal
